
Microsoft Visual Studio Solution File, Format Version 12.00
# Visual Studio Version 17
VisualStudioVersion = 17.12.35527.113 d17.12
MinimumVisualStudioVersion = 10.0.40219.1
Project("{FAE04EC0-301F-11D3-BF4B-00C04F79EFBC}") = "Tsql3s2b", "Tsql3s2b.csproj", "{D18E89D2-25FB-4F93-929E-3FC0CD78557D}"
EndProject
Global
	GlobalSection(SolutionConfigurationPlatforms) = preSolution
		Debug|Any CPU = Debug|Any CPU
		Release|Any CPU = Release|Any CPU
	EndGlobalSection
	GlobalSection(ProjectConfigurationPlatforms) = postSolution
		{D18E89D2-25FB-4F93-929E-3FC0CD78557D}.Debug|Any CPU.ActiveCfg = Debug|Any CPU
		{D18E89D2-25FB-4F93-929E-3FC0CD78557D}.Debug|Any CPU.Build.0 = Debug|Any CPU
		{D18E89D2-25FB-4F93-929E-3FC0CD78557D}.Release|Any CPU.ActiveCfg = Release|Any CPU
		{D18E89D2-25FB-4F93-929E-3FC0CD78557D}.Release|Any CPU.Build.0 = Release|Any CPU
	EndGlobalSection
	GlobalSection(SolutionProperties) = preSolution
		HideSolutionNode = FALSE
	EndGlobalSection
EndGlobal
